
Microsoft Visual Studio Solution File, Format Version 12.00
# Visual Studio Version 17
VisualStudioVersion = 17.1.32421.90
MinimumVisualStudioVersion = 10.0.40219.1
Project("{9A19103F-16F7-4668-BE54-9A1E7A4F7556}") = "Startup", "Startup\Startup.csproj", "{8BCDAF14-FA15-47D5-AE99-39B04DA1E287}"
EndProject
Project("{2150E333-8FDC-42A3-9474-1A3956D46DE8}") = "Foundation", "Foundation", "{A868E42F-E72E-4964-948E-6652573463B3}"
EndProject
Project("{2150E333-8FDC-42A3-9474-1A3956D46DE8}") = "Feature", "Feature", "{67DFF064-50D0-4724-8725-F2105FF1A8D9}"
EndProject
Project("{2150E333-8FDC-42A3-9474-1A3956D46DE8}") = "Project", "Project", "{2C75BBBC-0EF4-4DA9-93AA-AAC1430978D3}"
EndProject
Project("{9A19103F-16F7-4668-BE54-9A1E7A4F7556}") = "Utility", "Utility\Utility.csproj", "{C4A1121F-F541-4A40-AAEF-2A7932D32981}"
EndProject
Project("{9A19103F-16F7-4668-BE54-9A1E7A4F7556}") = "WebSocket", "WebSocket\WebSocket.csproj", "{078DC7DF-E8A6-4FFA-AF00-D10BC6A30E98}"
EndProject
Project("{9A19103F-16F7-4668-BE54-9A1E7A4F7556}") = "Site.GoodGame", "Site.GoodGame\Site.GoodGame.csproj", "{F1AED011-B7F0-4732-91F2-CADBDCEC3047}"
EndProject
Project("{9A19103F-16F7-4668-BE54-9A1E7A4F7556}") = "Chat", "Chat\Chat.csproj", "{989FD36A-907B-4373-AE7D-AFF47ABAC401}"
EndProject
Project("{9A19103F-16F7-4668-BE54-9A1E7A4F7556}") = "DependencyInjection", "DependencyInjection\DependencyInjection.csproj", "{99DD2AA6-00E8-4BAD-879A-FD796878AB4A}"
EndProject
Project("{FAE04EC0-301F-11D3-BF4B-00C04F79EFBC}") = "Core", "Core\Core.csproj", "{0A28425E-88F6-42DE-8113-261EF31087CF}"
EndProject
Global
	GlobalSection(SolutionConfigurationPlatforms) = preSolution
		Debug|Any CPU = Debug|Any CPU
		Release|Any CPU = Release|Any CPU
	EndGlobalSection
	GlobalSection(ProjectConfigurationPlatforms) = postSolution
		{8BCDAF14-FA15-47D5-AE99-39B04DA1E287}.Debug|Any CPU.ActiveCfg = Debug|Any CPU
		{8BCDAF14-FA15-47D5-AE99-39B04DA1E287}.Debug|Any CPU.Build.0 = Debug|Any CPU
		{8BCDAF14-FA15-47D5-AE99-39B04DA1E287}.Release|Any CPU.ActiveCfg = Release|Any CPU
		{8BCDAF14-FA15-47D5-AE99-39B04DA1E287}.Release|Any CPU.Build.0 = Release|Any CPU
		{C4A1121F-F541-4A40-AAEF-2A7932D32981}.Debug|Any CPU.ActiveCfg = Debug|Any CPU
		{C4A1121F-F541-4A40-AAEF-2A7932D32981}.Debug|Any CPU.Build.0 = Debug|Any CPU
		{C4A1121F-F541-4A40-AAEF-2A7932D32981}.Release|Any CPU.ActiveCfg = Release|Any CPU
		{C4A1121F-F541-4A40-AAEF-2A7932D32981}.Release|Any CPU.Build.0 = Release|Any CPU
		{078DC7DF-E8A6-4FFA-AF00-D10BC6A30E98}.Debug|Any CPU.ActiveCfg = Debug|Any CPU
		{078DC7DF-E8A6-4FFA-AF00-D10BC6A30E98}.Debug|Any CPU.Build.0 = Debug|Any CPU
		{078DC7DF-E8A6-4FFA-AF00-D10BC6A30E98}.Release|Any CPU.ActiveCfg = Release|Any CPU
		{078DC7DF-E8A6-4FFA-AF00-D10BC6A30E98}.Release|Any CPU.Build.0 = Release|Any CPU
		{F1AED011-B7F0-4732-91F2-CADBDCEC3047}.Debug|Any CPU.ActiveCfg = Debug|Any CPU
		{F1AED011-B7F0-4732-91F2-CADBDCEC3047}.Debug|Any CPU.Build.0 = Debug|Any CPU
		{F1AED011-B7F0-4732-91F2-CADBDCEC3047}.Release|Any CPU.ActiveCfg = Release|Any CPU
		{F1AED011-B7F0-4732-91F2-CADBDCEC3047}.Release|Any CPU.Build.0 = Release|Any CPU
		{989FD36A-907B-4373-AE7D-AFF47ABAC401}.Debug|Any CPU.ActiveCfg = Debug|Any CPU
		{989FD36A-907B-4373-AE7D-AFF47ABAC401}.Debug|Any CPU.Build.0 = Debug|Any CPU
		{989FD36A-907B-4373-AE7D-AFF47ABAC401}.Release|Any CPU.ActiveCfg = Release|Any CPU
		{989FD36A-907B-4373-AE7D-AFF47ABAC401}.Release|Any CPU.Build.0 = Release|Any CPU
		{99DD2AA6-00E8-4BAD-879A-FD796878AB4A}.Debug|Any CPU.ActiveCfg = Debug|Any CPU
		{99DD2AA6-00E8-4BAD-879A-FD796878AB4A}.Debug|Any CPU.Build.0 = Debug|Any CPU
		{99DD2AA6-00E8-4BAD-879A-FD796878AB4A}.Release|Any CPU.ActiveCfg = Release|Any CPU
		{99DD2AA6-00E8-4BAD-879A-FD796878AB4A}.Release|Any CPU.Build.0 = Release|Any CPU
		{0A28425E-88F6-42DE-8113-261EF31087CF}.Debug|Any CPU.ActiveCfg = Debug|Any CPU
		{0A28425E-88F6-42DE-8113-261EF31087CF}.Debug|Any CPU.Build.0 = Debug|Any CPU
		{0A28425E-88F6-42DE-8113-261EF31087CF}.Release|Any CPU.ActiveCfg = Release|Any CPU
		{0A28425E-88F6-42DE-8113-261EF31087CF}.Release|Any CPU.Build.0 = Release|Any CPU
	EndGlobalSection
	GlobalSection(SolutionProperties) = preSolution
		HideSolutionNode = FALSE
	EndGlobalSection
	GlobalSection(NestedProjects) = preSolution
		{8BCDAF14-FA15-47D5-AE99-39B04DA1E287} = {2C75BBBC-0EF4-4DA9-93AA-AAC1430978D3}
		{C4A1121F-F541-4A40-AAEF-2A7932D32981} = {A868E42F-E72E-4964-948E-6652573463B3}
		{078DC7DF-E8A6-4FFA-AF00-D10BC6A30E98} = {A868E42F-E72E-4964-948E-6652573463B3}
		{F1AED011-B7F0-4732-91F2-CADBDCEC3047} = {67DFF064-50D0-4724-8725-F2105FF1A8D9}
		{989FD36A-907B-4373-AE7D-AFF47ABAC401} = {67DFF064-50D0-4724-8725-F2105FF1A8D9}
		{99DD2AA6-00E8-4BAD-879A-FD796878AB4A} = {A868E42F-E72E-4964-948E-6652573463B3}
		{0A28425E-88F6-42DE-8113-261EF31087CF} = {A868E42F-E72E-4964-948E-6652573463B3}
	EndGlobalSection
	GlobalSection(ExtensibilityGlobals) = postSolution
		SolutionGuid = {3BE5C2C1-B43B-4B72-9B4E-F2D3D0520BB7}
	EndGlobalSection
EndGlobal
